# Generated by pub
# See https://dart.dev/tools/pub/glossary#lockfile
packages:
  _discoveryapis_commons:
    dependency: transitive
    description:
      name: _discoveryapis_commons
      sha256: "55dd9e9cb83f8b62aa5dd8744d3bfedf79d33f9457c1684916c2b5c69c6e3a9b"
      url: "https://pub.dev"
    source: hosted
    version: "1.0.8"
  args:
    dependency: transitive
    description:
      name: args
      sha256: d0481093c50b1da8910eb0bb301626d4d8eb7284aa739614d2b394ee09e3ea04
      url: "https://pub.dev"
    source: hosted
    version: "2.7.0"
  asn1lib:
    dependency: transitive
    description:
      name: asn1lib
      sha256: "9a8f69025044eb466b9b60ef3bc3ac99b4dc6c158ae9c56d25eeccf5bc56d024"
      url: "https://pub.dev"
    source: hosted
    version: "1.6.5"
  async:
    dependency: transitive
    description:
      name: async
      sha256: e2eb0491ba5ddb6177742d2da23904574082139b07c1e33b8503b9f46f3e1a37
      url: "https://pub.dev"
    source: hosted
    version: "2.13.1"
  clock:
    dependency: transitive
    description:
      name: clock
      sha256: e51d50bca3217c9a9fa2b41a30e4a38971133f5f9ec7a3d57bae095007f1d28e
      url: "https://pub.dev"
    source: hosted
    version: "1.1.3"
  collection:
    dependency: transitive
    description:
      name: collection
      sha256: "2f5709ae4d3d59dd8f7cd309b4e023046b57d8a6c82130785d2b0e5868084e76"
      url: "https://pub.dev"
    source: hosted
    version: "1.19.1"
  convert:
    dependency: transitive
    description:
      name: convert
      sha256: b30acd5944035672bc15c6b7a8b47d773e41e2f17de064350988c5d02adb1c68
      url: "https://pub.dev"
    source: hosted
    version: "3.1.2"
  crypto:
    dependency: transitive
    description:
      name: crypto
      sha256: c8ea0233063ba03258fbcf2ca4d6dadfefe14f02fab57702265467a19f27fadf
      url: "https://pub.dev"
    source: hosted
    version: "3.0.7"
  dart_jsonwebtoken:
    dependency: transitive
    description:
      name: dart_jsonwebtoken
      sha256: ad84e60181696513d04d5f2078e0bbc20365b911f46f647797317414bdc88fbe
      url: "https://pub.dev"
    source: hosted
    version: "3.4.1"
  dotenv:
    dependency: "direct main"
    description:
      name: dotenv
      sha256: "379e64b6fc82d3df29461d349a1796ecd2c436c480d4653f3af6872eccbc90e1"
      url: "https://pub.dev"
    source: hosted
    version: "4.2.0"
  ffi:
    dependency: transitive
    description:
      name: ffi
      sha256: "6d7fd89431262d8f3125e81b50d3847a091d846eafcd4fdb88dd06f36d705a45"
      url: "https://pub.dev"
    source: hosted
    version: "2.2.0"
  firebase_admin_sdk:
    dependency: "direct main"
    description:
      name: firebase_admin_sdk
      sha256: b1ef0c20eda905c89a1634ccc19d9dbd7895f42ac60c0cf1de49b20003f168b8
      url: "https://pub.dev"
    source: hosted
    version: "0.5.6"
  google_cloud:
    dependency: transitive
    description:
      name: google_cloud
      sha256: b385e20726ef5315d302c5933bfb728103116c5be2d3d17094b01a82da538c1f
      url: "https://pub.dev"
    source: hosted
    version: "0.5.0"
  google_cloud_firestore:
    dependency: "direct main"
    description:
      name: google_cloud_firestore
      sha256: cabb0372a109933bbe4844ef42a82e9908952c50372c2b6ab74ca01f96b89304
      url: "https://pub.dev"
    source: hosted
    version: "0.5.5"
  google_cloud_firestore_v1:
    dependency: transitive
    description:
      name: google_cloud_firestore_v1
      sha256: "9b974d44e8bb60d39ad28083c56fa2974fc7a106d9540231eadad5da04b015b8"
      url: "https://pub.dev"
    source: hosted
    version: "0.5.5"
  google_cloud_longrunning:
    dependency: transitive
    description:
      name: google_cloud_longrunning
      sha256: "19063c3e548777d27f6c28600e4ba3a663d96a240d66d05d1ff89d1367c06f42"
      url: "https://pub.dev"
    source: hosted
    version: "0.5.5"
  google_cloud_protobuf:
    dependency: transitive
    description:
      name: google_cloud_protobuf
      sha256: "5c09f29ac930089e0347e4e0212845b810025e7602b7f62d8708614dc4897947"
      url: "https://pub.dev"
    source: hosted
    version: "0.5.5"
  google_cloud_rpc:
    dependency: transitive
    description:
      name: google_cloud_rpc
      sha256: "397b41228b008f9ce6f5651f27e349bbad863ea9ef3f182aa20122fe98471c79"
      url: "https://pub.dev"
    source: hosted
    version: "0.6.0"
  google_cloud_storage:
    dependency: transitive
    description:
      name: google_cloud_storage
      sha256: b329346d4533fa1217301230a9a560f73dc6897372d90347fca5343daef2e500
      url: "https://pub.dev"
    source: hosted
    version: "0.6.4"
  google_cloud_type:
    dependency: transitive
    description:
      name: google_cloud_type
      sha256: fcc69119b062d59b4908f9348d3dd6389351e4be693715f74577606d35fadd32
      url: "https://pub.dev"
    source: hosted
    version: "0.5.5"
  google_identity_services_web:
    dependency: transitive
    description:
      name: google_identity_services_web
      sha256: "5d187c46dc59e02646e10fe82665fc3884a9b71bc1c90c2b8b749316d33ee454"
      url: "https://pub.dev"
    source: hosted
    version: "0.3.3+1"
  googleapis:
    dependency: transitive
    description:
      name: googleapis
      sha256: d38bb64016ef27eca7fde992994b9d2999bcea307685807e15d6a08bff05dc61
      url: "https://pub.dev"
    source: hosted
    version: "17.0.0"
  googleapis_auth:
    dependency: "direct main"
    description:
      name: googleapis_auth
      sha256: d31822528becea550f7c7a9ab73a4518e31e48f201ab574be7e141f262923f27
      url: "https://pub.dev"
    source: hosted
    version: "2.3.4"
  http:
    dependency: "direct main"
    description:
      name: http
      sha256: "87721a4a50b19c7f1d49001e51409bddc46303966ce89a65af4f4e6004896412"
      url: "https://pub.dev"
    source: hosted
    version: "1.6.0"
  http2:
    dependency: transitive
    description:
      name: http2
      sha256: "480bf904908b4e4ec4fac8117f69f5ff54cf48c12b1761f0a192e1e10196ee7b"
      url: "https://pub.dev"
    source: hosted
    version: "3.1.0"
  http_methods:
    dependency: transitive
    description:
      name: http_methods
      sha256: "6bccce8f1ec7b5d701e7921dca35e202d425b57e317ba1a37f2638590e29e566"
      url: "https://pub.dev"
    source: hosted
    version: "1.1.1"
  http_parser:
    dependency: transitive
    description:
      name: http_parser
      sha256: "178d74305e7866013777bab2c3d8726205dc5a4dd935297175b19a23a2e66571"
      url: "https://pub.dev"
    source: hosted
    version: "4.1.2"
  intl:
    dependency: transitive
    description:
      name: intl
      sha256: "1ca20c894b1717686a2319b8548763d812bc0aabdac580420a44c5178c57a867"
      url: "https://pub.dev"
    source: hosted
    version: "0.20.3"
  lints:
    dependency: "direct dev"
    description:
      name: lints
      sha256: "976c774dd944a42e83e2467f4cc670daef7eed6295b10b36ae8c85bcbf828235"
      url: "https://pub.dev"
    source: hosted
    version: "4.0.0"
  meta:
    dependency: transitive
    description:
      name: meta
      sha256: "307249ce4ff29d58a18e97f6345f539382eb9c9c29ecda628900f31de0443dd9"
      url: "https://pub.dev"
    source: hosted
    version: "1.19.0"
  path:
    dependency: transitive
    description:
      name: path
      sha256: "75cca69d1490965be98c73ceaea117e8a04dd21217b37b292c9ddbec0d955bc5"
      url: "https://pub.dev"
    source: hosted
    version: "1.9.1"
  pem:
    dependency: transitive
    description:
      name: pem
      sha256: e66b389cbb007fa5860d511f08ea604ea68e78afc4e1b543dc227a0f0ef4faf9
      url: "https://pub.dev"
    source: hosted
    version: "2.0.6"
  petitparser:
    dependency: transitive
    description:
      name: petitparser
      sha256: "2f1564aadb14215e478563b5406cb80729d022158c01dc50c96013c2f7eb4790"
      url: "https://pub.dev"
    source: hosted
    version: "7.1.0"
  pointycastle:
    dependency: transitive
    description:
      name: pointycastle
      sha256: "92aa3841d083cc4b0f4709b5c74fd6409a3e6ba833ffc7dc6a8fee096366acf5"
      url: "https://pub.dev"
    source: hosted
    version: "4.0.0"
  pool:
    dependency: transitive
    description:
      name: pool
      sha256: "4177f68c237ea2128d1bee66ac17b2ce05ba3dbaafcbdd54c5d40a39d0b6b11c"
      url: "https://pub.dev"
    source: hosted
    version: "1.5.3"
  retry:
    dependency: transitive
    description:
      name: retry
      sha256: "822e118d5b3aafed083109c72d5f484c6dc66707885e07c0fbcb8b986bba7efc"
      url: "https://pub.dev"
    source: hosted
    version: "3.1.2"
  shelf:
    dependency: "direct main"
    description:
      name: shelf
      sha256: e7dd780a7ffb623c57850b33f43309312fc863fb6aa3d276a754bb299839ef12
      url: "https://pub.dev"
    source: hosted
    version: "1.4.2"
  shelf_router:
    dependency: "direct main"
    description:
      name: shelf_router
      sha256: f5e5d492440a7fb165fe1e2e1a623f31f734d3370900070b2b1e0d0428d59864
      url: "https://pub.dev"
    source: hosted
    version: "1.1.4"
  source_span:
    dependency: transitive
    description:
      name: source_span
      sha256: "56a02f1f4cd1a2d96303c0144c93bd6d909eea6bee6bf5a0e0b685edbd4c47ab"
      url: "https://pub.dev"
    source: hosted
    version: "1.10.2"
  stack_trace:
    dependency: transitive
    description:
      name: stack_trace
      sha256: "277654b3034d17ac6f9f1cb5595db011b1d5d41e8806866db28e0abaa101c490"
      url: "https://pub.dev"
    source: hosted
    version: "1.12.2"
  stream_channel:
    dependency: transitive
    description:
      name: stream_channel
      sha256: "969e04c80b8bcdf826f8f16579c7b14d780458bd97f56d107d3950fdbeef059d"
      url: "https://pub.dev"
    source: hosted
    version: "2.1.4"
  string_scanner:
    dependency: transitive
    description:
      name: string_scanner
      sha256: "921cd31725b72fe181906c6a94d987c78e3b98c2e205b397ea399d4054872b43"
      url: "https://pub.dev"
    source: hosted
    version: "1.4.1"
  term_glyph:
    dependency: transitive
    description:
      name: term_glyph
      sha256: "7f554798625ea768a7518313e58f83891c7f5024f88e46e7182a4558850a4b8e"
      url: "https://pub.dev"
    source: hosted
    version: "1.2.2"
  typed_data:
    dependency: transitive
    description:
      name: typed_data
      sha256: f9049c039ebfeb4cf7a7104a675823cd72dba8297f264b6637062516699fa006
      url: "https://pub.dev"
    source: hosted
    version: "1.4.0"
  web:
    dependency: transitive
    description:
      name: web
      sha256: "868d88a33d8a87b18ffc05f9f030ba328ffefba92d6c127917a2ba740f9cfe4a"
      url: "https://pub.dev"
    source: hosted
    version: "1.1.1"
sdks:
  dart: ">=3.13.0 <4.0.0"
